
Microsoft Visual Studio Solution File, Format Version 12.00
# Visual Studio Version 17
VisualStudioVersion = 17.10.35122.118
MinimumVisualStudioVersion = 10.0.40219.1
Project("{FAE04EC0-301F-11D3-BF4B-00C04F79EFBC}") = "GhanemObituary", "GhanemObituary\GhanemObituary.csproj", "{D3BBC367-2161-DF99-72BF-AEAA731E3F15}"
EndProject
Global
	GlobalSection(SolutionConfigurationPlatforms) = preSolution
		Debug|Any CPU = Debug|Any CPU
		Release|Any CPU = Release|Any CPU
	EndGlobalSection
	GlobalSection(ProjectConfigurationPlatforms) = postSolution
		{D3BBC367-2161-DF99-72BF-AEAA731E3F15}.Debug|Any CPU.ActiveCfg = Debug|Any CPU
		{D3BBC367-2161-DF99-72BF-AEAA731E3F15}.Debug|Any CPU.Build.0 = Debug|Any CPU
		{D3BBC367-2161-DF99-72BF-AEAA731E3F15}.Release|Any CPU.ActiveCfg = Release|Any CPU
		{D3BBC367-2161-DF99-72BF-AEAA731E3F15}.Release|Any CPU.Build.0 = Release|Any CPU
	EndGlobalSection
	GlobalSection(SolutionProperties) = preSolution
		HideSolutionNode = FALSE
	EndGlobalSection
	GlobalSection(ExtensibilityGlobals) = postSolution
		SolutionGuid = {C1E81A25-673F-42F5-AE98-7B700537A7AB}
	EndGlobalSection
EndGlobal
